PackratFormat: 1.4
PackratVersion: 0.4.7.4
RVersion: 3.1.3
Repos: CRAN=http://cran.rstudio.com

Package: GetoptLong
Source: CRAN
Version: 0.1.1
Hash: 9f608e3c8362ced890dfdbe5440333a9
Requires: GlobalOptions, rjson

Package: GlobalOptions
Source: CRAN
Version: 0.0.8
Hash: 0d1ccb74fae610880703b251d25ed3be

Package: MASS
Source: CRAN
Version: 7.3-39
Hash: e9488ccece00e145b90d2f2fce5eb201

Package: R6
Source: CRAN
Version: 2.0.1
Hash: 40dff191bf683de95a0b131f9509647e

Package: RColorBrewer
Source: CRAN
Version: 1.1-2
Hash: c0d56cd15034f395874c870141870c25

Package: Rcpp
Source: CRAN
Version: 0.11.5
Hash: acf1ff177a61ef2ea438944581a85b0d

Package: bitops
Source: CRAN
Version: 1.0-6
Hash: 67d0775189fd0041d95abca618c5c07e

Package: boot
Source: CRAN
Version: 1.3-18
Hash: 3f3516de42d575c03309e6aa2aea52aa

Package: caTools
Source: CRAN
Version: 1.17.1
Hash: 97cb6f6293cd18d17df77a6383cc6763
Requires: bitops

Package: codetools
Source: CRAN
Version: 0.2-10
Hash: d2a88d8b7dce82859d912f02635c879d

Package: colorspace
Source: CRAN
Version: 1.2-6
Hash: 00bb12245cd975c450cc4a960884fa15

Package: crayon
Source: CRAN
Version: 1.3.1
Hash: b61d34886cf0f4b4fc4e4f52ea249390
Requires: memoise

Package: dichromat
Source: CRAN
Version: 2.0-0
Hash: 08eed0c80510af29bb15f840ccfe37ce

Package: digest
Source: CRAN
Version: 0.6.8
Hash: de202f956596a476d09304e3a2ebf1e5

Package: doMC
Source: CRAN
Version: 1.3.4
Hash: 0a0a9baf431dc834116c7d94b8bbd735
Requires: foreach, iterators

Package: evaluate
Source: CRAN
Version: 0.8
Hash: aac00bd789bac10970b50e3b7e0cab04
Requires: stringr

Package: foreach
Source: CRAN
Version: 1.4.3
Hash: cd53ef4cf29dc59ce3f8c5c1af735fd1
Requires: codetools, iterators

Package: formatR
Source: CRAN
Version: 1.2.1
Hash: 54c730c712edd6087972ecf99bf87c55

Package: ggplot2
Source: CRAN
Version: 2.1.0
Hash: 50e297b0191179c39c7dcae0eff72b51
Requires: MASS, digest, gtable, plyr, reshape2, scales

Package: gtable
Source: CRAN
Version: 0.1.2
Hash: 38a0f066373a60824cd3ade2362af363

Package: highr
Source: CRAN
Version: 0.4
Hash: caa3f5f3d2cce68cd302bfbb267043db

Package: htmltools
Source: CRAN
Version: 0.3
Hash: 7ccc01f4d22d73d0d9b0d2a7781e7ff6
Requires: digest

Package: httpuv
Source: CRAN
Version: 1.3.3
Hash: 3492e53d6e3722ad30de7a6b0e383896
Requires: Rcpp

Package: importr
Source: github
Version: 0.1.0
Hash: 90143260a79d415a93690acef34daef9
GithubRepo: importr
GithubUsername: machow
GithubRef: master
GithubSha1: 4dc85f2ec6d791ed69c3b180e67988726463ad02

Package: isctools
Source: github
Version: 0.1.0
Hash: 02954a8aeb568ed7d03c14244559d130
Requires: boot, lavaan, plyr, reshape, semTools
GithubRepo: isctools
GithubUsername: machow
GithubRef: master
GithubSha1: 863741dd129addd9a40976b4fd1f1ea3bc3e9ed3

Package: iterators
Source: CRAN
Version: 1.0.7
Hash: 5b4df529141f993389b8fb24d56fe531

Package: jsonlite
Source: CRAN
Version: 0.9.19
Hash: 4a983f753b6e88ae0f5a6ac152d8cc32

Package: knitr
Source: CRAN
Version: 1.12.3
Hash: d537760d13021cf23fa2446381d9e0b2
Requires: digest, evaluate, formatR, highr, markdown, stringr, yaml

Package: labeling
Source: CRAN
Version: 0.3
Hash: ecf589b42cd284b03a4beb9665482d3e

Package: lavaan
Source: CRAN
Version: 0.5-20
Hash: 010f9b32248af6f35cde13c69b0977b1
Requires: MASS, mnormt, pbivnorm, quadprog

Package: magrittr
Source: CRAN
Version: 1.5
Hash: bdc4d48c3135e8f3b399536ddf160df4

Package: markdown
Source: CRAN
Version: 0.7.7
Hash: fea2343a1119d61b0cc5c0a950d103a3
Requires: mime

Package: memoise
Source: CRAN
Version: 1.0.0
Hash: 56e7087c3559eb7ba72a9afb349bf896
Requires: digest

Package: mime
Source: CRAN
Version: 0.4
Hash: b08c52dae92a0a11e64a4deea032ec33

Package: mnormt
Source: CRAN
Version: 1.5-4
Hash: d9793228e6242e0f025123fc19587990

Package: munsell
Source: CRAN
Version: 0.4.2
Hash: 72d343a6664778029f49a7ad36de1cab
Requires: colorspace

Package: packrat
Source: github
Version: 0.4.7-4
Hash: 23b51f450eb0d5490c1fab6fc521fa4e
GithubRepo: packrat
GithubUsername: rstudio
GithubRef: master
GithubSha1: cc74baa959e4a6e10bef4ec1df79c9fd902cd971

Package: pbivnorm
Source: CRAN
Version: 0.6.0
Hash: 49a3782a63f861575cd5e3ad0559690f

Package: plyr
Source: CRAN
Version: 1.8.3
Hash: 2ff09e664c72d371aa5be17fd62c52c0
Requires: Rcpp

Package: praise
Source: CRAN
Version: 1.0.0
Hash: 77da8f1df873a4b91e5c4a68fe2fb1b6

Package: quadprog
Source: CRAN
Version: 1.5-5
Hash: 69000b7dc41b09977dcf781f909d235c

Package: reshape
Source: CRAN
Version: 0.8.5
Hash: 08a3fc774cceaaec54edea9e9687a6c5
Requires: plyr

Package: reshape2
Source: CRAN
Version: 1.4.1
Hash: 31920311635a31153af5c0c5d618d867
Requires: Rcpp, plyr, stringr

Package: rjson
Source: CRAN
Version: 0.2.15
Hash: def074f38d0cff3b597649ee6f976128

Package: rmarkdown
Source: CRAN
Version: 0.9.5
Hash: c47e8fb40e81162783fe1335a13a0ca3
Requires: caTools, htmltools, knitr, yaml

Package: scales
Source: CRAN
Version: 0.3.0
Hash: af2ee263d43b4fbe6cdb362a5697b409
Requires: RColorBrewer, Rcpp, dichromat, labeling, munsell, plyr

Package: semTools
Source: CRAN
Version: 0.4-11
Hash: b986d1b688087b3061028c06fd9134ec
Requires: lavaan

Package: shiny
Source: CRAN
Version: 0.13.1
Hash: a4c82c31676563094608d7b5b6495088
Requires: R6, digest, htmltools, httpuv, jsonlite, mime, xtable

Package: stringi
Source: CRAN
Version: 1.0-1
Hash: cf342bc407bd5daec77ed1009d5244e1

Package: stringr
Source: CRAN
Version: 1.0.0
Hash: 2676dd5f88890910962b733b0f9540e1
Requires: magrittr, stringi

Package: testthat
Source: CRAN
Version: 0.11.0
Hash: e10882241e569f584fb1f8c19599a13f
Requires: crayon, digest, praise

Package: xtable
Source: CRAN
Version: 1.7-4
Hash: 30ed90ebdd90a529aab31fd6792a8d61

Package: yaml
Source: CRAN
Version: 2.1.13
Hash: 4854ccabebc225e8a7309fb4a74980de
