PackratFormat: 1.4
PackratVersion: 0.4.6.4
RVersion: 3.1.3
Repos: BioCsoft=http://bioconductor.org/packages/3.0/bioc,
    BioCann=http://bioconductor.org/packages/3.0/data/annotation,
    BioCexp=http://bioconductor.org/packages/3.0/data/experiment,
    BioCextra=http://bioconductor.org/packages/3.0/extra,
    CRAN=http://cran.rstudio.com

Package: GetoptLong
Source: CRAN
Version: 0.1.1
Hash: 9f608e3c8362ced890dfdbe5440333a9
Requires: GlobalOptions, rjson

Package: GlobalOptions
Source: CRAN
Version: 0.0.8
Hash: 0d1ccb74fae610880703b251d25ed3be

Package: R6
Source: CRAN
Version: 2.1.1
Hash: 20a88b2c9c84aecff2702789a4d102f5

Package: RColorBrewer
Source: CRAN
Version: 1.1-2
Hash: c0d56cd15034f395874c870141870c25

Package: RJSONIO
Source: CRAN
Version: 1.3-0
Hash: fb672e20eb6f3010a3639f855d8ef6de

Package: Rcpp
Source: CRAN
Version: 0.12.2
Hash: 1928c2b7372e3f033217335f3fad25a3

Package: bitops
Source: CRAN
Version: 1.0-6
Hash: 67d0775189fd0041d95abca618c5c07e

Package: caTools
Source: CRAN
Version: 1.17.1
Hash: 97cb6f6293cd18d17df77a6383cc6763
Requires: bitops

Package: colorspace
Source: CRAN
Version: 1.2-6
Hash: 00bb12245cd975c450cc4a960884fa15

Package: dichromat
Source: CRAN
Version: 2.0-0
Hash: 08eed0c80510af29bb15f840ccfe37ce

Package: digest
Source: CRAN
Version: 0.6.8
Hash: de202f956596a476d09304e3a2ebf1e5

Package: doMC
Source: CRAN
Version: 1.3.4
Hash: 0a0a9baf431dc834116c7d94b8bbd735
Requires: foreach, iterators

Package: evaluate
Source: CRAN
Version: 0.8
Hash: aac00bd789bac10970b50e3b7e0cab04
Requires: stringr

Package: foreach
Source: CRAN
Version: 1.4.3
Hash: cd53ef4cf29dc59ce3f8c5c1af735fd1
Requires: iterators

Package: formatR
Source: CRAN
Version: 1.2.1
Hash: 54c730c712edd6087972ecf99bf87c55

Package: ggplot2
Source: CRAN
Version: 1.0.1
Hash: 4aff1b269135bd2cdea378f4f2f2895e
Requires: digest, gtable, plyr, proto, reshape2, scales

Package: gtable
Source: CRAN
Version: 0.1.2
Hash: 38a0f066373a60824cd3ade2362af363

Package: highr
Source: CRAN
Version: 0.5.1
Hash: 114ef5abcf58bebbf6ac083b9cacbbd8

Package: htmltools
Source: CRAN
Version: 0.3
Hash: 7ccc01f4d22d73d0d9b0d2a7781e7ff6
Requires: digest

Package: httpuv
Source: CRAN
Version: 1.3.3
Hash: ad41c96192683a69d291a45192ec8e2b
Requires: Rcpp

Package: importr
Source: github
Version: 0.1.0
Hash: 90143260a79d415a93690acef34daef9
GithubRepo: importr
GithubUsername: machow
GithubRef: master
GithubSha1: 4dc85f2ec6d791ed69c3b180e67988726463ad02

Package: isctools
Source: github
Version: 0.1.0
Hash: 02954a8aeb568ed7d03c14244559d130
Requires: lavaan, plyr, reshape, semTools
GithubRepo: isctools
GithubUsername: machow
GithubRef: master
GithubSha1: 863741dd129addd9a40976b4fd1f1ea3bc3e9ed3

Package: iterators
Source: CRAN
Version: 1.0.8
Hash: 488b93c2a4166db0d15f1e8d882cb1d4

Package: knitr
Source: CRAN
Version: 1.12
Hash: bbb197833ff9b57c328c0fc9f924cb92
Requires: digest, evaluate, formatR, highr, markdown, stringr, yaml

Package: labeling
Source: CRAN
Version: 0.3
Hash: ecf589b42cd284b03a4beb9665482d3e

Package: lavaan
Source: CRAN
Version: 0.5-20
Hash: 010f9b32248af6f35cde13c69b0977b1
Requires: mnormt, pbivnorm, quadprog

Package: magrittr
Source: CRAN
Version: 1.5
Hash: bdc4d48c3135e8f3b399536ddf160df4

Package: markdown
Source: CRAN
Version: 0.7.7
Hash: fea2343a1119d61b0cc5c0a950d103a3
Requires: mime

Package: mime
Source: CRAN
Version: 0.4
Hash: b08c52dae92a0a11e64a4deea032ec33

Package: mnormt
Source: CRAN
Version: 1.5-3
Hash: d23b1cdede7a20437b68aa11f51958b8

Package: munsell
Source: CRAN
Version: 0.4.2
Hash: 72d343a6664778029f49a7ad36de1cab
Requires: colorspace

Package: packrat
Source: github
Version: 0.4.6-4
Hash: 41a5beb75b7ee759d913ba7bd980237c
GithubRepo: packrat
GithubUsername: rstudio
GithubRef: master
GithubSha1: 470a56e654c08bed893a12ca3b4304ad5570beab

Package: pbivnorm
Source: CRAN
Version: 0.6.0
Hash: 49a3782a63f861575cd5e3ad0559690f

Package: plyr
Source: CRAN
Version: 1.8.3
Hash: 5cf4672c5940e265f2602d5d806d303d
Requires: Rcpp

Package: proto
Source: CRAN
Version: 0.3-10
Hash: 05d7ad64db29a39d1b02c4b9f1f4edb2

Package: psych
Source: CRAN
Version: 1.5.8
Hash: 68c4e1212b52e8bf12ef1bfa1e950409
Requires: mnormt

Package: quadprog
Source: CRAN
Version: 1.5-5
Hash: 69000b7dc41b09977dcf781f909d235c

Package: reshape
Source: CRAN
Version: 0.8.5
Hash: 08a3fc774cceaaec54edea9e9687a6c5
Requires: plyr

Package: reshape2
Source: CRAN
Version: 1.4.1
Hash: 193899598711fc9776f383bbdf266118
Requires: Rcpp, plyr, stringr

Package: rjson
Source: CRAN
Version: 0.2.15
Hash: def074f38d0cff3b597649ee6f976128

Package: rmarkdown
Source: CRAN
Version: 0.9.2
Hash: 62ef7e7066b3e768f7684feb9bf9d693
Requires: caTools, htmltools, knitr, yaml

Package: scales
Source: CRAN
Version: 0.3.0
Hash: 323f8f5a7f2823f19bd3fd3c15fc196a
Requires: RColorBrewer, Rcpp, dichromat, labeling, munsell, plyr

Package: semTools
Source: CRAN
Version: 0.4-9
Hash: ca1599de58d05a8bcc0f7226552c28b8
Requires: lavaan

Package: shiny
Source: CRAN
Version: 0.11.1
Hash: 2867e5257c1a5efd63cd671808f880d6
Requires: R6, RJSONIO, digest, mime, xtable, httpuv, htmltools

Package: stringi
Source: CRAN
Version: 1.0-1
Hash: cf342bc407bd5daec77ed1009d5244e1

Package: stringr
Source: CRAN
Version: 1.0.0
Hash: 2676dd5f88890910962b733b0f9540e1
Requires: magrittr, stringi

Package: testthat
Source: CRAN
Version: 0.9.1
Hash: b1375083546bc11c52a1af84098f995c
Requires: digest

Package: xtable
Source: CRAN
Version: 1.7-4
Hash: 30ed90ebdd90a529aab31fd6792a8d61

Package: yaml
Source: CRAN
Version: 2.1.13
Hash: 4854ccabebc225e8a7309fb4a74980de
