PackratFormat: 1.4
PackratVersion: 0.4.6.19
RVersion: 3.1.3
Repos: CRAN=http://cran.rstudio.com

Package: GetoptLong
Source: CRAN
Version: 0.1.1
Requires: GlobalOptions, rjson

Package: GlobalOptions
Source: CRAN
Version: 0.0.8

Package: MASS
Source: CRAN
Version: 7.3-39
Hash: e9488ccece00e145b90d2f2fce5eb201

Package: R6
Source: CRAN
Version: 2.0.1
Hash: 40dff191bf683de95a0b131f9509647e

Package: RColorBrewer
Source: CRAN
Version: 1.1-2
Hash: c0d56cd15034f395874c870141870c25

Package: RJSONIO
Source: CRAN
Version: 1.3-0
Hash: fb672e20eb6f3010a3639f855d8ef6de

Package: Rcpp
Source: CRAN
Version: 0.11.5
Hash: acf1ff177a61ef2ea438944581a85b0d

Package: bitops
Source: CRAN
Version: 1.0-6
Hash: 67d0775189fd0041d95abca618c5c07e

Package: boot
Source: CRAN
Version: 1.3-15
Hash: 2f3b593ceb933223dacdc06dcc159ccc

Package: caTools
Source: CRAN
Version: 1.17.1
Requires: bitops
Hash: 97cb6f6293cd18d17df77a6383cc6763

Package: codetools
Source: CRAN
Version: 0.2-10
Hash: d2a88d8b7dce82859d912f02635c879d

Package: colorspace
Source: CRAN
Version: 1.2-6
Hash: 00bb12245cd975c450cc4a960884fa15

Package: crayon
Source: CRAN
Version: 1.3.1
Requires: memoise
Hash: b61d34886cf0f4b4fc4e4f52ea249390

Package: dichromat
Source: CRAN
Version: 2.0-0
Hash: 08eed0c80510af29bb15f840ccfe37ce

Package: digest
Source: CRAN
Version: 0.6.8
Hash: de202f956596a476d09304e3a2ebf1e5

Package: doMC
Source: CRAN
Version: 1.3.3
Requires: foreach, iterators
Hash: adbf3aca4287281a21ec4afbf023b38e

Package: evaluate
Source: CRAN
Version: 0.7.2
Requires: stringr
Hash: b659556abe45f9a377207945b95857e1

Package: foreach
Source: CRAN
Version: 1.4.2
Requires: codetools, iterators
Hash: c306afbbf5cc2608170bc7205bf58bea

Package: formatR
Source: CRAN
Version: 1.2.1
Hash: 54c730c712edd6087972ecf99bf87c55

Package: ggplot2
Source: CRAN
Version: 2.0.0
Requires: MASS, digest, gtable, plyr, reshape2, scales
Hash: 5befb1e7a9c7d0692d6c35fa02a29dbf

Package: gtable
Source: CRAN
Version: 0.1.2
Hash: 38a0f066373a60824cd3ade2362af363

Package: highr
Source: CRAN
Version: 0.4
Hash: caa3f5f3d2cce68cd302bfbb267043db

Package: htmltools
Source: CRAN
Version: 0.2.6
Requires: digest
Hash: 595e7dea94f5f049dfc1ed739f5161af

Package: httpuv
Source: CRAN
Version: 1.3.3
Requires: Rcpp
Hash: 3492e53d6e3722ad30de7a6b0e383896

Package: importr
Source: github
Version: 0.1.0
Hash: 90143260a79d415a93690acef34daef9
GithubRepo: importr
GithubUsername: machow
GithubRef: master
GithubSha1: 4dc85f2ec6d791ed69c3b180e67988726463ad02

Package: isctools
Source: github
Version: 0.1.0
Requires: boot, lavaan, plyr, reshape, semTools
Hash: 02954a8aeb568ed7d03c14244559d130
GithubRepo: isctools
GithubUsername: machow
GithubRef: master
GithubSha1: 863741dd129addd9a40976b4fd1f1ea3bc3e9ed3

Package: iterators
Source: CRAN
Version: 1.0.7
Hash: 5b4df529141f993389b8fb24d56fe531

Package: knitr
Source: CRAN
Version: 1.12
Requires: digest, evaluate, formatR, highr, markdown, stringr, yaml
Hash: bbb197833ff9b57c328c0fc9f924cb92

Package: labeling
Source: CRAN
Version: 0.3
Hash: ecf589b42cd284b03a4beb9665482d3e

Package: lavaan
Source: CRAN
Version: 0.5-20
Requires: MASS, mnormt, pbivnorm, quadprog
Hash: 010f9b32248af6f35cde13c69b0977b1

Package: magrittr
Source: CRAN
Version: 1.5
Hash: bdc4d48c3135e8f3b399536ddf160df4

Package: markdown
Source: CRAN
Version: 0.7.4
Requires: mime
Hash: 21f67752ecca6fd776077ee6401eca21

Package: memoise
Source: CRAN
Version: 0.2.1
Requires: digest
Hash: 812e6a1dd77a0ca4da41f3239de8e447

Package: mime
Source: CRAN
Version: 0.4
Hash: b08c52dae92a0a11e64a4deea032ec33

Package: mnormt
Source: CRAN
Version: 1.5-1
Hash: 8d1b97c66a46dcd515e1351f1a8ff45a

Package: munsell
Source: CRAN
Version: 0.4.2
Requires: colorspace
Hash: 72d343a6664778029f49a7ad36de1cab

Package: packrat
Source: github
Version: 0.4.6-19
Hash: 6ae32bb47f2aa2d66e20eac171580a4a
GithubRepo: packrat
GithubUsername: rstudio
GithubRef: master
GithubSha1: 222058723d7a8474e670cfc1d0b0b23bd4d2996c

Package: pbivnorm
Source: CRAN
Version: 0.6.0
Hash: 49a3782a63f861575cd5e3ad0559690f

Package: plyr
Source: CRAN
Version: 1.8.1
Requires: Rcpp
Hash: 26fba2639a52d3209a58115e7763300f

Package: praise
Source: CRAN
Version: 1.0.0
Hash: 77da8f1df873a4b91e5c4a68fe2fb1b6

Package: proto
Source: CRAN
Version: 0.3-10
Hash: 05d7ad64db29a39d1b02c4b9f1f4edb2

Package: psych
Source: CRAN
Version: 1.5.8
Requires: mnormt
Hash: 68c4e1212b52e8bf12ef1bfa1e950409

Package: quadprog
Source: CRAN
Version: 1.5-5
Hash: 69000b7dc41b09977dcf781f909d235c

Package: reshape
Source: CRAN
Version: 0.8.5
Requires: plyr
Hash: 08a3fc774cceaaec54edea9e9687a6c5

Package: reshape2
Source: CRAN
Version: 1.4.1
Requires: Rcpp, plyr, stringr
Hash: 31920311635a31153af5c0c5d618d867

Package: rjson
Source: CRAN
Version: 0.2.15
Hash: def074f38d0cff3b597649ee6f976128

Package: rmarkdown
Source: CRAN
Version: 0.9.2
Requires: caTools, htmltools, knitr, yaml
Hash: 62ef7e7066b3e768f7684feb9bf9d693

Package: scales
Source: CRAN
Version: 0.3.0
Requires: RColorBrewer, Rcpp, dichromat, labeling, munsell, plyr
Hash: af2ee263d43b4fbe6cdb362a5697b409

Package: semTools
Source: CRAN
Version: 0.4-6
Requires: lavaan
Hash: ffb29b572e5dfb71275d35f0f6ea96ad

Package: shiny
Source: CRAN
Version: 0.11.1
Requires: R6, RJSONIO, digest, htmltools, httpuv, mime, xtable
Hash: 2867e5257c1a5efd63cd671808f880d6

Package: stringi
Source: CRAN
Version: 1.0-1
Hash: cf342bc407bd5daec77ed1009d5244e1

Package: stringr
Source: CRAN
Version: 1.0.0
Requires: magrittr, stringi
Hash: 2676dd5f88890910962b733b0f9540e1

Package: testthat
Source: CRAN
Version: 0.11.0
Requires: crayon, digest, praise
Hash: e10882241e569f584fb1f8c19599a13f

Package: xtable
Source: CRAN
Version: 1.7-4
Hash: 30ed90ebdd90a529aab31fd6792a8d61

Package: yaml
Source: CRAN
Version: 2.1.13
Hash: 4854ccabebc225e8a7309fb4a74980de
